
Microsoft Visual Studio Solution File, Format Version 12.00
# Visual Studio Version 16
VisualStudioVersion = 16.0.29911.84
MinimumVisualStudioVersion = 15.0.26124.0
Project("{2150E333-8FDC-42A3-9474-1A3956D46DE8}") = "APIs", "APIs", "{ACECA737-0ECB-4AC5-B301-50CAB799A5B3}"
EndProject
Project("{2150E333-8FDC-42A3-9474-1A3956D46DE8}") = "Infra.IoC", "Infra.IoC", "{9A0E4F13-CBD9-4D6C-8E62-5C25316F302F}"
EndProject
Project("{2150E333-8FDC-42A3-9474-1A3956D46DE8}") = "Infra.Repository", "Infra.Repository", "{1AA4FF79-F05C-43D6-97F3-A10CA2433763}"
EndProject
Project("{2150E333-8FDC-42A3-9474-1A3956D46DE8}") = "Infra.Bus", "Infra.Bus", "{76EFA4DB-3655-47FB-A3B0-CC263658A822}"
EndProject
Project("{9A19103F-16F7-4668-BE54-9A1E7A4F7556}") = "EDSE.Infra.IoC", "EDSE.Infra.IoC\EDSE.Infra.IoC.csproj", "{C95DB783-0B3E-4972-B475-D8DF5C52DD3F}"
EndProject
Project("{2150E333-8FDC-42A3-9474-1A3956D46DE8}") = "Domain", "Domain", "{3EA22E25-E31B-4E9B-98A7-1A8B3632AA6F}"
EndProject
Project("{2150E333-8FDC-42A3-9474-1A3956D46DE8}") = "Application", "Application", "{675C04DE-6C5B-4950-8B87-A45EA5DD1412}"
EndProject
Project("{9A19103F-16F7-4668-BE54-9A1E7A4F7556}") = "EDSE.AssetCheck.Api", "ESDE.AssetCheck.Api\EDSE.AssetCheck.Api.csproj", "{F4D895D4-CFE6-4A16-9E45-AF6B736407FE}"
EndProject
Project("{9A19103F-16F7-4668-BE54-9A1E7A4F7556}") = "EDSE.AssetCheck.Application", "ESDE.AssetCheck.Application\EDSE.AssetCheck.Application.csproj", "{F4F89637-3260-4DCE-B5F0-76C03E4A3AF2}"
EndProject
Project("{9A19103F-16F7-4668-BE54-9A1E7A4F7556}") = "EDSE.AssetCheck.Domain", "ESDE.AssetCheck.Domain\EDSE.AssetCheck.Domain.csproj", "{B3FC0074-436F-482E-8162-4C15F5B4673D}"
EndProject
Project("{9A19103F-16F7-4668-BE54-9A1E7A4F7556}") = "EDSE.AssetCheck.Repository", "ESDE.AssetCheck.Repository\EDSE.AssetCheck.Repository.csproj", "{41194DC1-FC14-4F62-B37B-881FD398F89A}"
EndProject
Project("{9A19103F-16F7-4668-BE54-9A1E7A4F7556}") = "EDSE.Infra.Bus", "ESDE.Infra.Bus\EDSE.Infra.Bus.csproj", "{6397BF75-5415-4270-805B-4FB7EE3389C1}"
EndProject
Project("{FAE04EC0-301F-11D3-BF4B-00C04F79EFBC}") = "EDSE.Custody.Api", "ESDE.Custody.Api\EDSE.Custody.Api.csproj", "{99BE1D29-B654-42AB-A564-BEDB44240205}"
EndProject
Project("{FAE04EC0-301F-11D3-BF4B-00C04F79EFBC}") = "EDSE.Custody.Application", "ESDE.Custody.Application\EDSE.Custody.Application.csproj", "{2AB39E5B-2161-4E06-B8E3-FF3494504042}"
EndProject
Project("{FAE04EC0-301F-11D3-BF4B-00C04F79EFBC}") = "EDSE.Custody.Domain", "ESDE.Custody.Domain\EDSE.Custody.Domain.csproj", "{A95E07F4-AA99-4255-9B46-E35B8CE32099}"
EndProject
Project("{FAE04EC0-301F-11D3-BF4B-00C04F79EFBC}") = "EDSE.Custody.Repository", "ESDE.Custody.Repository\EDSE.Custody.Repository.csproj", "{BF2A485E-0F87-4A6E-8AF4-6DAC5F2F9739}"
EndProject
Global
	GlobalSection(SolutionConfigurationPlatforms) = preSolution
		Debug|Any CPU = Debug|Any CPU
		Debug|x64 = Debug|x64
		Debug|x86 = Debug|x86
		Release|Any CPU = Release|Any CPU
		Release|x64 = Release|x64
		Release|x86 = Release|x86
	EndGlobalSection
	GlobalSection(ProjectConfigurationPlatforms) = postSolution
		{C95DB783-0B3E-4972-B475-D8DF5C52DD3F}.Debug|Any CPU.ActiveCfg = Debug|Any CPU
		{C95DB783-0B3E-4972-B475-D8DF5C52DD3F}.Debug|Any CPU.Build.0 = Debug|Any CPU
		{C95DB783-0B3E-4972-B475-D8DF5C52DD3F}.Debug|x64.ActiveCfg = Debug|Any CPU
		{C95DB783-0B3E-4972-B475-D8DF5C52DD3F}.Debug|x64.Build.0 = Debug|Any CPU
		{C95DB783-0B3E-4972-B475-D8DF5C52DD3F}.Debug|x86.ActiveCfg = Debug|Any CPU
		{C95DB783-0B3E-4972-B475-D8DF5C52DD3F}.Debug|x86.Build.0 = Debug|Any CPU
		{C95DB783-0B3E-4972-B475-D8DF5C52DD3F}.Release|Any CPU.ActiveCfg = Release|Any CPU
		{C95DB783-0B3E-4972-B475-D8DF5C52DD3F}.Release|Any CPU.Build.0 = Release|Any CPU
		{C95DB783-0B3E-4972-B475-D8DF5C52DD3F}.Release|x64.ActiveCfg = Release|Any CPU
		{C95DB783-0B3E-4972-B475-D8DF5C52DD3F}.Release|x64.Build.0 = Release|Any CPU
		{C95DB783-0B3E-4972-B475-D8DF5C52DD3F}.Release|x86.ActiveCfg = Release|Any CPU
		{C95DB783-0B3E-4972-B475-D8DF5C52DD3F}.Release|x86.Build.0 = Release|Any CPU
		{F4D895D4-CFE6-4A16-9E45-AF6B736407FE}.Debug|Any CPU.ActiveCfg = Debug|Any CPU
		{F4D895D4-CFE6-4A16-9E45-AF6B736407FE}.Debug|Any CPU.Build.0 = Debug|Any CPU
		{F4D895D4-CFE6-4A16-9E45-AF6B736407FE}.Debug|x64.ActiveCfg = Debug|Any CPU
		{F4D895D4-CFE6-4A16-9E45-AF6B736407FE}.Debug|x64.Build.0 = Debug|Any CPU
		{F4D895D4-CFE6-4A16-9E45-AF6B736407FE}.Debug|x86.ActiveCfg = Debug|Any CPU
		{F4D895D4-CFE6-4A16-9E45-AF6B736407FE}.Debug|x86.Build.0 = Debug|Any CPU
		{F4D895D4-CFE6-4A16-9E45-AF6B736407FE}.Release|Any CPU.ActiveCfg = Release|Any CPU
		{F4D895D4-CFE6-4A16-9E45-AF6B736407FE}.Release|Any CPU.Build.0 = Release|Any CPU
		{F4D895D4-CFE6-4A16-9E45-AF6B736407FE}.Release|x64.ActiveCfg = Release|Any CPU
		{F4D895D4-CFE6-4A16-9E45-AF6B736407FE}.Release|x64.Build.0 = Release|Any CPU
		{F4D895D4-CFE6-4A16-9E45-AF6B736407FE}.Release|x86.ActiveCfg = Release|Any CPU
		{F4D895D4-CFE6-4A16-9E45-AF6B736407FE}.Release|x86.Build.0 = Release|Any CPU
		{F4F89637-3260-4DCE-B5F0-76C03E4A3AF2}.Debug|Any CPU.ActiveCfg = Debug|Any CPU
		{F4F89637-3260-4DCE-B5F0-76C03E4A3AF2}.Debug|Any CPU.Build.0 = Debug|Any CPU
		{F4F89637-3260-4DCE-B5F0-76C03E4A3AF2}.Debug|x64.ActiveCfg = Debug|Any CPU
		{F4F89637-3260-4DCE-B5F0-76C03E4A3AF2}.Debug|x64.Build.0 = Debug|Any CPU
		{F4F89637-3260-4DCE-B5F0-76C03E4A3AF2}.Debug|x86.ActiveCfg = Debug|Any CPU
		{F4F89637-3260-4DCE-B5F0-76C03E4A3AF2}.Debug|x86.Build.0 = Debug|Any CPU
		{F4F89637-3260-4DCE-B5F0-76C03E4A3AF2}.Release|Any CPU.ActiveCfg = Release|Any CPU
		{F4F89637-3260-4DCE-B5F0-76C03E4A3AF2}.Release|Any CPU.Build.0 = Release|Any CPU
		{F4F89637-3260-4DCE-B5F0-76C03E4A3AF2}.Release|x64.ActiveCfg = Release|Any CPU
		{F4F89637-3260-4DCE-B5F0-76C03E4A3AF2}.Release|x64.Build.0 = Release|Any CPU
		{F4F89637-3260-4DCE-B5F0-76C03E4A3AF2}.Release|x86.ActiveCfg = Release|Any CPU
		{F4F89637-3260-4DCE-B5F0-76C03E4A3AF2}.Release|x86.Build.0 = Release|Any CPU
		{B3FC0074-436F-482E-8162-4C15F5B4673D}.Debug|Any CPU.ActiveCfg = Debug|Any CPU
		{B3FC0074-436F-482E-8162-4C15F5B4673D}.Debug|Any CPU.Build.0 = Debug|Any CPU
		{B3FC0074-436F-482E-8162-4C15F5B4673D}.Debug|x64.ActiveCfg = Debug|Any CPU
		{B3FC0074-436F-482E-8162-4C15F5B4673D}.Debug|x64.Build.0 = Debug|Any CPU
		{B3FC0074-436F-482E-8162-4C15F5B4673D}.Debug|x86.ActiveCfg = Debug|Any CPU
		{B3FC0074-436F-482E-8162-4C15F5B4673D}.Debug|x86.Build.0 = Debug|Any CPU
		{B3FC0074-436F-482E-8162-4C15F5B4673D}.Release|Any CPU.ActiveCfg = Release|Any CPU
		{B3FC0074-436F-482E-8162-4C15F5B4673D}.Release|Any CPU.Build.0 = Release|Any CPU
		{B3FC0074-436F-482E-8162-4C15F5B4673D}.Release|x64.ActiveCfg = Release|Any CPU
		{B3FC0074-436F-482E-8162-4C15F5B4673D}.Release|x64.Build.0 = Release|Any CPU
		{B3FC0074-436F-482E-8162-4C15F5B4673D}.Release|x86.ActiveCfg = Release|Any CPU
		{B3FC0074-436F-482E-8162-4C15F5B4673D}.Release|x86.Build.0 = Release|Any CPU
		{41194DC1-FC14-4F62-B37B-881FD398F89A}.Debug|Any CPU.ActiveCfg = Debug|Any CPU
		{41194DC1-FC14-4F62-B37B-881FD398F89A}.Debug|Any CPU.Build.0 = Debug|Any CPU
		{41194DC1-FC14-4F62-B37B-881FD398F89A}.Debug|x64.ActiveCfg = Debug|Any CPU
		{41194DC1-FC14-4F62-B37B-881FD398F89A}.Debug|x64.Build.0 = Debug|Any CPU
		{41194DC1-FC14-4F62-B37B-881FD398F89A}.Debug|x86.ActiveCfg = Debug|Any CPU
		{41194DC1-FC14-4F62-B37B-881FD398F89A}.Debug|x86.Build.0 = Debug|Any CPU
		{41194DC1-FC14-4F62-B37B-881FD398F89A}.Release|Any CPU.ActiveCfg = Release|Any CPU
		{41194DC1-FC14-4F62-B37B-881FD398F89A}.Release|Any CPU.Build.0 = Release|Any CPU
		{41194DC1-FC14-4F62-B37B-881FD398F89A}.Release|x64.ActiveCfg = Release|Any CPU
		{41194DC1-FC14-4F62-B37B-881FD398F89A}.Release|x64.Build.0 = Release|Any CPU
		{41194DC1-FC14-4F62-B37B-881FD398F89A}.Release|x86.ActiveCfg = Release|Any CPU
		{41194DC1-FC14-4F62-B37B-881FD398F89A}.Release|x86.Build.0 = Release|Any CPU
		{6397BF75-5415-4270-805B-4FB7EE3389C1}.Debug|Any CPU.ActiveCfg = Debug|Any CPU
		{6397BF75-5415-4270-805B-4FB7EE3389C1}.Debug|Any CPU.Build.0 = Debug|Any CPU
		{6397BF75-5415-4270-805B-4FB7EE3389C1}.Debug|x64.ActiveCfg = Debug|Any CPU
		{6397BF75-5415-4270-805B-4FB7EE3389C1}.Debug|x64.Build.0 = Debug|Any CPU
		{6397BF75-5415-4270-805B-4FB7EE3389C1}.Debug|x86.ActiveCfg = Debug|Any CPU
		{6397BF75-5415-4270-805B-4FB7EE3389C1}.Debug|x86.Build.0 = Debug|Any CPU
		{6397BF75-5415-4270-805B-4FB7EE3389C1}.Release|Any CPU.ActiveCfg = Release|Any CPU
		{6397BF75-5415-4270-805B-4FB7EE3389C1}.Release|Any CPU.Build.0 = Release|Any CPU
		{6397BF75-5415-4270-805B-4FB7EE3389C1}.Release|x64.ActiveCfg = Release|Any CPU
		{6397BF75-5415-4270-805B-4FB7EE3389C1}.Release|x64.Build.0 = Release|Any CPU
		{6397BF75-5415-4270-805B-4FB7EE3389C1}.Release|x86.ActiveCfg = Release|Any CPU
		{6397BF75-5415-4270-805B-4FB7EE3389C1}.Release|x86.Build.0 = Release|Any CPU
		{99BE1D29-B654-42AB-A564-BEDB44240205}.Debug|Any CPU.ActiveCfg = Debug|Any CPU
		{99BE1D29-B654-42AB-A564-BEDB44240205}.Debug|Any CPU.Build.0 = Debug|Any CPU
		{99BE1D29-B654-42AB-A564-BEDB44240205}.Debug|x64.ActiveCfg = Debug|Any CPU
		{99BE1D29-B654-42AB-A564-BEDB44240205}.Debug|x64.Build.0 = Debug|Any CPU
		{99BE1D29-B654-42AB-A564-BEDB44240205}.Debug|x86.ActiveCfg = Debug|Any CPU
		{99BE1D29-B654-42AB-A564-BEDB44240205}.Debug|x86.Build.0 = Debug|Any CPU
		{99BE1D29-B654-42AB-A564-BEDB44240205}.Release|Any CPU.ActiveCfg = Release|Any CPU
		{99BE1D29-B654-42AB-A564-BEDB44240205}.Release|Any CPU.Build.0 = Release|Any CPU
		{99BE1D29-B654-42AB-A564-BEDB44240205}.Release|x64.ActiveCfg = Release|Any CPU
		{99BE1D29-B654-42AB-A564-BEDB44240205}.Release|x64.Build.0 = Release|Any CPU
		{99BE1D29-B654-42AB-A564-BEDB44240205}.Release|x86.ActiveCfg = Release|Any CPU
		{99BE1D29-B654-42AB-A564-BEDB44240205}.Release|x86.Build.0 = Release|Any CPU
		{2AB39E5B-2161-4E06-B8E3-FF3494504042}.Debug|Any CPU.ActiveCfg = Debug|Any CPU
		{2AB39E5B-2161-4E06-B8E3-FF3494504042}.Debug|Any CPU.Build.0 = Debug|Any CPU
		{2AB39E5B-2161-4E06-B8E3-FF3494504042}.Debug|x64.ActiveCfg = Debug|Any CPU
		{2AB39E5B-2161-4E06-B8E3-FF3494504042}.Debug|x64.Build.0 = Debug|Any CPU
		{2AB39E5B-2161-4E06-B8E3-FF3494504042}.Debug|x86.ActiveCfg = Debug|Any CPU
		{2AB39E5B-2161-4E06-B8E3-FF3494504042}.Debug|x86.Build.0 = Debug|Any CPU
		{2AB39E5B-2161-4E06-B8E3-FF3494504042}.Release|Any CPU.ActiveCfg = Release|Any CPU
		{2AB39E5B-2161-4E06-B8E3-FF3494504042}.Release|Any CPU.Build.0 = Release|Any CPU
		{2AB39E5B-2161-4E06-B8E3-FF3494504042}.Release|x64.ActiveCfg = Release|Any CPU
		{2AB39E5B-2161-4E06-B8E3-FF3494504042}.Release|x64.Build.0 = Release|Any CPU
		{2AB39E5B-2161-4E06-B8E3-FF3494504042}.Release|x86.ActiveCfg = Release|Any CPU
		{2AB39E5B-2161-4E06-B8E3-FF3494504042}.Release|x86.Build.0 = Release|Any CPU
		{A95E07F4-AA99-4255-9B46-E35B8CE32099}.Debug|Any CPU.ActiveCfg = Debug|Any CPU
		{A95E07F4-AA99-4255-9B46-E35B8CE32099}.Debug|Any CPU.Build.0 = Debug|Any CPU
		{A95E07F4-AA99-4255-9B46-E35B8CE32099}.Debug|x64.ActiveCfg = Debug|Any CPU
		{A95E07F4-AA99-4255-9B46-E35B8CE32099}.Debug|x64.Build.0 = Debug|Any CPU
		{A95E07F4-AA99-4255-9B46-E35B8CE32099}.Debug|x86.ActiveCfg = Debug|Any CPU
		{A95E07F4-AA99-4255-9B46-E35B8CE32099}.Debug|x86.Build.0 = Debug|Any CPU
		{A95E07F4-AA99-4255-9B46-E35B8CE32099}.Release|Any CPU.ActiveCfg = Release|Any CPU
		{A95E07F4-AA99-4255-9B46-E35B8CE32099}.Release|Any CPU.Build.0 = Release|Any CPU
		{A95E07F4-AA99-4255-9B46-E35B8CE32099}.Release|x64.ActiveCfg = Release|Any CPU
		{A95E07F4-AA99-4255-9B46-E35B8CE32099}.Release|x64.Build.0 = Release|Any CPU
		{A95E07F4-AA99-4255-9B46-E35B8CE32099}.Release|x86.ActiveCfg = Release|Any CPU
		{A95E07F4-AA99-4255-9B46-E35B8CE32099}.Release|x86.Build.0 = Release|Any CPU
		{BF2A485E-0F87-4A6E-8AF4-6DAC5F2F9739}.Debug|Any CPU.ActiveCfg = Debug|Any CPU
		{BF2A485E-0F87-4A6E-8AF4-6DAC5F2F9739}.Debug|Any CPU.Build.0 = Debug|Any CPU
		{BF2A485E-0F87-4A6E-8AF4-6DAC5F2F9739}.Debug|x64.ActiveCfg = Debug|Any CPU
		{BF2A485E-0F87-4A6E-8AF4-6DAC5F2F9739}.Debug|x64.Build.0 = Debug|Any CPU
		{BF2A485E-0F87-4A6E-8AF4-6DAC5F2F9739}.Debug|x86.ActiveCfg = Debug|Any CPU
		{BF2A485E-0F87-4A6E-8AF4-6DAC5F2F9739}.Debug|x86.Build.0 = Debug|Any CPU
		{BF2A485E-0F87-4A6E-8AF4-6DAC5F2F9739}.Release|Any CPU.ActiveCfg = Release|Any CPU
		{BF2A485E-0F87-4A6E-8AF4-6DAC5F2F9739}.Release|Any CPU.Build.0 = Release|Any CPU
		{BF2A485E-0F87-4A6E-8AF4-6DAC5F2F9739}.Release|x64.ActiveCfg = Release|Any CPU
		{BF2A485E-0F87-4A6E-8AF4-6DAC5F2F9739}.Release|x64.Build.0 = Release|Any CPU
		{BF2A485E-0F87-4A6E-8AF4-6DAC5F2F9739}.Release|x86.ActiveCfg = Release|Any CPU
		{BF2A485E-0F87-4A6E-8AF4-6DAC5F2F9739}.Release|x86.Build.0 = Release|Any CPU
	EndGlobalSection
	GlobalSection(SolutionProperties) = preSolution
		HideSolutionNode = FALSE
	EndGlobalSection
	GlobalSection(NestedProjects) = preSolution
		{C95DB783-0B3E-4972-B475-D8DF5C52DD3F} = {9A0E4F13-CBD9-4D6C-8E62-5C25316F302F}
		{F4D895D4-CFE6-4A16-9E45-AF6B736407FE} = {ACECA737-0ECB-4AC5-B301-50CAB799A5B3}
		{F4F89637-3260-4DCE-B5F0-76C03E4A3AF2} = {675C04DE-6C5B-4950-8B87-A45EA5DD1412}
		{B3FC0074-436F-482E-8162-4C15F5B4673D} = {3EA22E25-E31B-4E9B-98A7-1A8B3632AA6F}
		{41194DC1-FC14-4F62-B37B-881FD398F89A} = {1AA4FF79-F05C-43D6-97F3-A10CA2433763}
		{6397BF75-5415-4270-805B-4FB7EE3389C1} = {76EFA4DB-3655-47FB-A3B0-CC263658A822}
		{99BE1D29-B654-42AB-A564-BEDB44240205} = {ACECA737-0ECB-4AC5-B301-50CAB799A5B3}
		{2AB39E5B-2161-4E06-B8E3-FF3494504042} = {675C04DE-6C5B-4950-8B87-A45EA5DD1412}
		{A95E07F4-AA99-4255-9B46-E35B8CE32099} = {3EA22E25-E31B-4E9B-98A7-1A8B3632AA6F}
		{BF2A485E-0F87-4A6E-8AF4-6DAC5F2F9739} = {1AA4FF79-F05C-43D6-97F3-A10CA2433763}
	EndGlobalSection
	GlobalSection(ExtensibilityGlobals) = postSolution
		SolutionGuid = {6A841892-4C70-4C18-A589-49EFA557B05E}
	EndGlobalSection
EndGlobal
